{
  "version": 4,
  "terraform_version": "1.14.3",
  "serial": 22,
  "lineage": "dc3f813f-3434-b6e5-f8d3-12fc4710f236",
  "outputs": {
    "instance_external_ip": {
      "value": "34.47.36.2",
      "type": "string"
    },
    "instance_name": {
      "value": "codr-k8s-host",
      "type": "string"
    },
    "next_steps": {
      "value": "After the instance is ready:\n1. SSH into the instance\n2. Initialize Kubernetes: sudo kubeadm init --pod-network-cidr=10.244.0.0/16\n3. Set up kubectl: mkdir -p $HOME/.kube \u0026\u0026 sudo cp /etc/kubernetes/admin.conf $HOME/.kube/config \u0026\u0026 sudo chown $(id -u):$(id -g) $HOME/.kube/config\n4. Install a CNI (e.g., Flannel): kubectl apply -f https://raw.githubusercontent.com/flannel-io/flannel/master/Documentation/kube-flannel.yml\n5. Allow scheduling on master (single node): kubectl taint nodes --all node-role.kubernetes.io/control-plane-\n",
      "type": "string"
    },
    "ssh_command": {
      "value": "gcloud compute ssh codr-k8s-host --zone=northamerica-northeast1-a --project=spry-cortex-483721-q8",
      "type": "string"
    }
  },
  "resources": [
    {
      "mode": "managed",
      "type": "google_compute_address",
      "name": "codr_ip",
      "provider": "provider[\"registry.terraform.io/hashicorp/google\"]",
      "instances": [
        {
          "schema_version": 0,
          "attributes": {
            "address": "34.47.36.2",
            "address_type": "EXTERNAL",
            "creation_timestamp": "2026-01-08T15:23:31.739-08:00",
            "description": "",
            "effective_labels": {},
            "id": "projects/spry-cortex-483721-q8/regions/northamerica-northeast1/addresses/codr-k8s-host-ip",
            "ip_version": "",
            "ipv6_endpoint_type": "",
            "label_fingerprint": "42WmSpB8rSM=",
            "labels": null,
            "name": "codr-k8s-host-ip",
            "network": "",
            "network_tier": "PREMIUM",
            "prefix_length": 0,
            "project": "spry-cortex-483721-q8",
            "purpose": "",
            "region": "northamerica-northeast1",
            "self_link": "https://www.googleapis.com/compute/v1/projects/spry-cortex-483721-q8/regions/northamerica-northeast1/addresses/codr-k8s-host-ip",
            "subnetwork": "",
            "terraform_labels": {},
            "timeouts": null,
            "users": []
          },
          "sensitive_attributes": [],
          "identity_schema_version": 0,
          "private": "eyJlMmJmYjczMC1lY2FhLTExZTYtOGY4OC0zNDM2M2JjN2M0YzAiOnsiY3JlYXRlIjoxMjAwMDAwMDAwMDAwLCJkZWxldGUiOjEyMDAwMDAwMDAwMDAsInVwZGF0ZSI6MTIwMDAwMDAwMDAwMH19"
        }
      ]
    },
    {
      "mode": "managed",
      "type": "google_compute_firewall",
      "name": "allow_http_https",
      "provider": "provider[\"registry.terraform.io/hashicorp/google\"]",
      "instances": [
        {
          "schema_version": 1,
          "attributes": {
            "allow": [
              {
                "ports": [
                  "80",
                  "443"
                ],
                "protocol": "tcp"
              }
            ],
            "creation_timestamp": "2026-01-08T15:23:54.205-08:00",
            "deny": [],
            "description": "",
            "destination_ranges": [],
            "direction": "INGRESS",
            "disabled": false,
            "enable_logging": null,
            "id": "projects/spry-cortex-483721-q8/global/firewalls/codr-network-allow-http-https",
            "log_config": [],
            "name": "codr-network-allow-http-https",
            "network": "https://www.googleapis.com/compute/v1/projects/spry-cortex-483721-q8/global/networks/codr-network",
            "priority": 1000,
            "project": "spry-cortex-483721-q8",
            "self_link": "https://www.googleapis.com/compute/v1/projects/spry-cortex-483721-q8/global/firewalls/codr-network-allow-http-https",
            "source_ranges": [
              "0.0.0.0/0"
            ],
            "source_service_accounts": null,
            "source_tags": null,
            "target_service_accounts": null,
            "target_tags": [
              "web-server"
            ],
            "timeouts": null
          },
          "sensitive_attributes": [],
          "identity_schema_version": 0,
          "private": "eyJlMmJmYjczMC1lY2FhLTExZTYtOGY4OC0zNDM2M2JjN2M0YzAiOnsiY3JlYXRlIjoxMjAwMDAwMDAwMDAwLCJkZWxldGUiOjEyMDAwMDAwMDAwMDAsInVwZGF0ZSI6MTIwMDAwMDAwMDAwMH0sInNjaGVtYV92ZXJzaW9uIjoiMSJ9",
          "dependencies": [
            "google_compute_network.codr_network",
            "google_project_service.compute"
          ]
        }
      ]
    },
    {
      "mode": "managed",
      "type": "google_compute_firewall",
      "name": "allow_internal",
      "provider": "provider[\"registry.terraform.io/hashicorp/google\"]",
      "instances": [
        {
          "schema_version": 1,
          "attributes": {
            "allow": [
              {
                "ports": [
                  "0-65535"
                ],
                "protocol": "tcp"
              },
              {
                "ports": [
                  "0-65535"
                ],
                "protocol": "udp"
              },
              {
                "ports": [],
                "protocol": "icmp"
              }
            ],
            "creation_timestamp": "2026-01-08T15:23:54.197-08:00",
            "deny": [],
            "description": "",
            "destination_ranges": [],
            "direction": "INGRESS",
            "disabled": false,
            "enable_logging": null,
            "id": "projects/spry-cortex-483721-q8/global/firewalls/codr-network-allow-internal",
            "log_config": [],
            "name": "codr-network-allow-internal",
            "network": "https://www.googleapis.com/compute/v1/projects/spry-cortex-483721-q8/global/networks/codr-network",
            "priority": 1000,
            "project": "spry-cortex-483721-q8",
            "self_link": "https://www.googleapis.com/compute/v1/projects/spry-cortex-483721-q8/global/firewalls/codr-network-allow-internal",
            "source_ranges": [
              "10.0.0.0/8"
            ],
            "source_service_accounts": null,
            "source_tags": null,
            "target_service_accounts": null,
            "target_tags": null,
            "timeouts": null
          },
          "sensitive_attributes": [],
          "identity_schema_version": 0,
          "private": "eyJlMmJmYjczMC1lY2FhLTExZTYtOGY4OC0zNDM2M2JjN2M0YzAiOnsiY3JlYXRlIjoxMjAwMDAwMDAwMDAwLCJkZWxldGUiOjEyMDAwMDAwMDAwMDAsInVwZGF0ZSI6MTIwMDAwMDAwMDAwMH0sInNjaGVtYV92ZXJzaW9uIjoiMSJ9",
          "dependencies": [
            "google_compute_network.codr_network",
            "google_project_service.compute"
          ]
        }
      ]
    },
    {
      "mode": "managed",
      "type": "google_compute_firewall",
      "name": "allow_k8s_api",
      "provider": "provider[\"registry.terraform.io/hashicorp/google\"]",
      "instances": [
        {
          "schema_version": 1,
          "attributes": {
            "allow": [
              {
                "ports": [
                  "6443"
                ],
                "protocol": "tcp"
              }
            ],
            "creation_timestamp": "2026-01-08T15:23:54.163-08:00",
            "deny": [],
            "description": "",
            "destination_ranges": [],
            "direction": "INGRESS",
            "disabled": false,
            "enable_logging": null,
            "id": "projects/spry-cortex-483721-q8/global/firewalls/codr-network-allow-k8s-api",
            "log_config": [],
            "name": "codr-network-allow-k8s-api",
            "network": "https://www.googleapis.com/compute/v1/projects/spry-cortex-483721-q8/global/networks/codr-network",
            "priority": 1000,
            "project": "spry-cortex-483721-q8",
            "self_link": "https://www.googleapis.com/compute/v1/projects/spry-cortex-483721-q8/global/firewalls/codr-network-allow-k8s-api",
            "source_ranges": [
              "0.0.0.0/0"
            ],
            "source_service_accounts": null,
            "source_tags": null,
            "target_service_accounts": null,
            "target_tags": [
              "k8s-master"
            ],
            "timeouts": null
          },
          "sensitive_attributes": [],
          "identity_schema_version": 0,
          "private": "eyJlMmJmYjczMC1lY2FhLTExZTYtOGY4OC0zNDM2M2JjN2M0YzAiOnsiY3JlYXRlIjoxMjAwMDAwMDAwMDAwLCJkZWxldGUiOjEyMDAwMDAwMDAwMDAsInVwZGF0ZSI6MTIwMDAwMDAwMDAwMH0sInNjaGVtYV92ZXJzaW9uIjoiMSJ9",
          "dependencies": [
            "google_compute_network.codr_network",
            "google_project_service.compute"
          ]
        }
      ]
    },
    {
      "mode": "managed",
      "type": "google_compute_firewall",
      "name": "allow_nodeports",
      "provider": "provider[\"registry.terraform.io/hashicorp/google\"]",
      "instances": [
        {
          "schema_version": 1,
          "attributes": {
            "allow": [
              {
                "ports": [
                  "30000-32767"
                ],
                "protocol": "tcp"
              }
            ],
            "creation_timestamp": "2026-01-08T15:23:54.161-08:00",
            "deny": [],
            "description": "",
            "destination_ranges": [],
            "direction": "INGRESS",
            "disabled": false,
            "enable_logging": null,
            "id": "projects/spry-cortex-483721-q8/global/firewalls/codr-network-allow-nodeports",
            "log_config": [],
            "name": "codr-network-allow-nodeports",
            "network": "https://www.googleapis.com/compute/v1/projects/spry-cortex-483721-q8/global/networks/codr-network",
            "priority": 1000,
            "project": "spry-cortex-483721-q8",
            "self_link": "https://www.googleapis.com/compute/v1/projects/spry-cortex-483721-q8/global/firewalls/codr-network-allow-nodeports",
            "source_ranges": [
              "0.0.0.0/0"
            ],
            "source_service_accounts": null,
            "source_tags": null,
            "target_service_accounts": null,
            "target_tags": [
              "k8s-node"
            ],
            "timeouts": null
          },
          "sensitive_attributes": [],
          "identity_schema_version": 0,
          "private": "eyJlMmJmYjczMC1lY2FhLTExZTYtOGY4OC0zNDM2M2JjN2M0YzAiOnsiY3JlYXRlIjoxMjAwMDAwMDAwMDAwLCJkZWxldGUiOjEyMDAwMDAwMDAwMDAsInVwZGF0ZSI6MTIwMDAwMDAwMDAwMH0sInNjaGVtYV92ZXJzaW9uIjoiMSJ9",
          "dependencies": [
            "google_compute_network.codr_network",
            "google_project_service.compute"
          ]
        }
      ]
    },
    {
      "mode": "managed",
      "type": "google_compute_firewall",
      "name": "allow_ssh",
      "provider": "provider[\"registry.terraform.io/hashicorp/google\"]",
      "instances": [
        {
          "schema_version": 1,
          "attributes": {
            "allow": [
              {
                "ports": [
                  "22"
                ],
                "protocol": "tcp"
              }
            ],
            "creation_timestamp": "2026-01-08T15:23:54.182-08:00",
            "deny": [],
            "description": "",
            "destination_ranges": [],
            "direction": "INGRESS",
            "disabled": false,
            "enable_logging": null,
            "id": "projects/spry-cortex-483721-q8/global/firewalls/codr-network-allow-ssh",
            "log_config": [],
            "name": "codr-network-allow-ssh",
            "network": "https://www.googleapis.com/compute/v1/projects/spry-cortex-483721-q8/global/networks/codr-network",
            "priority": 1000,
            "project": "spry-cortex-483721-q8",
            "self_link": "https://www.googleapis.com/compute/v1/projects/spry-cortex-483721-q8/global/firewalls/codr-network-allow-ssh",
            "source_ranges": [
              "0.0.0.0/0"
            ],
            "source_service_accounts": null,
            "source_tags": null,
            "target_service_accounts": null,
            "target_tags": [
              "ssh-enabled"
            ],
            "timeouts": null
          },
          "sensitive_attributes": [],
          "identity_schema_version": 0,
          "private": "eyJlMmJmYjczMC1lY2FhLTExZTYtOGY4OC0zNDM2M2JjN2M0YzAiOnsiY3JlYXRlIjoxMjAwMDAwMDAwMDAwLCJkZWxldGUiOjEyMDAwMDAwMDAwMDAsInVwZGF0ZSI6MTIwMDAwMDAwMDAwMH0sInNjaGVtYV92ZXJzaW9uIjoiMSJ9",
          "dependencies": [
            "google_compute_network.codr_network",
            "google_project_service.compute"
          ]
        }
      ]
    },
    {
      "mode": "managed",
      "type": "google_compute_network",
      "name": "codr_network",
      "provider": "provider[\"registry.terraform.io/hashicorp/google\"]",
      "instances": [
        {
          "schema_version": 0,
          "attributes": {
            "auto_create_subnetworks": false,
            "delete_default_routes_on_create": false,
            "description": "",
            "enable_ula_internal_ipv6": false,
            "gateway_ipv4": "",
            "id": "projects/spry-cortex-483721-q8/global/networks/codr-network",
            "internal_ipv6_range": "",
            "mtu": 0,
            "name": "codr-network",
            "network_firewall_policy_enforcement_order": "AFTER_CLASSIC_FIREWALL",
            "numeric_id": "1086149914587398810",
            "project": "spry-cortex-483721-q8",
            "routing_mode": "REGIONAL",
            "self_link": "https://www.googleapis.com/compute/v1/projects/spry-cortex-483721-q8/global/networks/codr-network",
            "timeouts": null
          },
          "sensitive_attributes": [],
          "identity_schema_version": 0,
          "private": "eyJlMmJmYjczMC1lY2FhLTExZTYtOGY4OC0zNDM2M2JjN2M0YzAiOnsiY3JlYXRlIjoxMjAwMDAwMDAwMDAwLCJkZWxldGUiOjEyMDAwMDAwMDAwMDAsInVwZGF0ZSI6MTIwMDAwMDAwMDAwMH19",
          "dependencies": [
            "google_project_service.compute"
          ]
        }
      ]
    },
    {
      "mode": "managed",
      "type": "google_compute_subnetwork",
      "name": "codr_subnet",
      "provider": "provider[\"registry.terraform.io/hashicorp/google\"]",
      "instances": [
        {
          "schema_version": 0,
          "attributes": {
            "creation_timestamp": "2026-01-08T15:23:54.829-08:00",
            "description": "",
            "external_ipv6_prefix": "",
            "fingerprint": null,
            "gateway_address": "10.0.0.1",
            "id": "projects/spry-cortex-483721-q8/regions/northamerica-northeast1/subnetworks/codr-network-subnet",
            "internal_ipv6_prefix": "",
            "ip_cidr_range": "10.0.0.0/24",
            "ipv6_access_type": "",
            "ipv6_cidr_range": "",
            "log_config": [],
            "name": "codr-network-subnet",
            "network": "https://www.googleapis.com/compute/v1/projects/spry-cortex-483721-q8/global/networks/codr-network",
            "private_ip_google_access": false,
            "private_ipv6_google_access": "DISABLE_GOOGLE_ACCESS",
            "project": "spry-cortex-483721-q8",
            "purpose": "PRIVATE",
            "region": "northamerica-northeast1",
            "role": "",
            "secondary_ip_range": [
              {
                "ip_cidr_range": "10.1.0.0/16",
                "range_name": "pods"
              },
              {
                "ip_cidr_range": "10.2.0.0/20",
                "range_name": "services"
              }
            ],
            "self_link": "https://www.googleapis.com/compute/v1/projects/spry-cortex-483721-q8/regions/northamerica-northeast1/subnetworks/codr-network-subnet",
            "send_secondary_ip_range_if_empty": null,
            "stack_type": "IPV4_ONLY",
            "timeouts": null
          },
          "sensitive_attributes": [],
          "identity_schema_version": 0,
          "private": "eyJlMmJmYjczMC1lY2FhLTExZTYtOGY4OC0zNDM2M2JjN2M0YzAiOnsiY3JlYXRlIjoxMjAwMDAwMDAwMDAwLCJkZWxldGUiOjEyMDAwMDAwMDAwMDAsInVwZGF0ZSI6MTIwMDAwMDAwMDAwMH19",
          "dependencies": [
            "google_compute_network.codr_network",
            "google_project_service.compute"
          ]
        }
      ]
    },
    {
      "mode": "managed",
      "type": "google_project_iam_member",
      "name": "codr_sa_compute",
      "provider": "provider[\"registry.terraform.io/hashicorp/google\"]",
      "instances": [
        {
          "schema_version": 0,
          "attributes": {
            "condition": [],
            "etag": "BwZH6LNYUoo=",
            "id": "spry-cortex-483721-q8/roles/compute.admin/serviceAccount:codr-k8s-sa@spry-cortex-483721-q8.iam.gserviceaccount.com",
            "member": "serviceAccount:codr-k8s-sa@spry-cortex-483721-q8.iam.gserviceaccount.com",
            "project": "spry-cortex-483721-q8",
            "role": "roles/compute.admin"
          },
          "sensitive_attributes": [],
          "identity_schema_version": 0,
          "private": "bnVsbA==",
          "dependencies": [
            "google_service_account.codr_sa"
          ]
        }
      ]
    },
    {
      "mode": "managed",
      "type": "google_project_iam_member",
      "name": "codr_sa_logging",
      "provider": "provider[\"registry.terraform.io/hashicorp/google\"]",
      "instances": [
        {
          "schema_version": 0,
          "attributes": {
            "condition": [],
            "etag": "BwZH6LNYUoo=",
            "id": "spry-cortex-483721-q8/roles/logging.logWriter/serviceAccount:codr-k8s-sa@spry-cortex-483721-q8.iam.gserviceaccount.com",
            "member": "serviceAccount:codr-k8s-sa@spry-cortex-483721-q8.iam.gserviceaccount.com",
            "project": "spry-cortex-483721-q8",
            "role": "roles/logging.logWriter"
          },
          "sensitive_attributes": [],
          "identity_schema_version": 0,
          "private": "bnVsbA==",
          "dependencies": [
            "google_service_account.codr_sa"
          ]
        }
      ]
    },
    {
      "mode": "managed",
      "type": "google_project_iam_member",
      "name": "codr_sa_monitoring",
      "provider": "provider[\"registry.terraform.io/hashicorp/google\"]",
      "instances": [
        {
          "schema_version": 0,
          "attributes": {
            "condition": [],
            "etag": "BwZH6LNYUoo=",
            "id": "spry-cortex-483721-q8/roles/monitoring.metricWriter/serviceAccount:codr-k8s-sa@spry-cortex-483721-q8.iam.gserviceaccount.com",
            "member": "serviceAccount:codr-k8s-sa@spry-cortex-483721-q8.iam.gserviceaccount.com",
            "project": "spry-cortex-483721-q8",
            "role": "roles/monitoring.metricWriter"
          },
          "sensitive_attributes": [],
          "identity_schema_version": 0,
          "private": "bnVsbA==",
          "dependencies": [
            "google_service_account.codr_sa"
          ]
        }
      ]
    },
    {
      "mode": "managed",
      "type": "google_project_iam_member",
      "name": "codr_sa_storage",
      "provider": "provider[\"registry.terraform.io/hashicorp/google\"]",
      "instances": [
        {
          "schema_version": 0,
          "attributes": {
            "condition": [],
            "etag": "BwZH6LNYUoo=",
            "id": "spry-cortex-483721-q8/roles/storage.admin/serviceAccount:codr-k8s-sa@spry-cortex-483721-q8.iam.gserviceaccount.com",
            "member": "serviceAccount:codr-k8s-sa@spry-cortex-483721-q8.iam.gserviceaccount.com",
            "project": "spry-cortex-483721-q8",
            "role": "roles/storage.admin"
          },
          "sensitive_attributes": [],
          "identity_schema_version": 0,
          "private": "bnVsbA==",
          "dependencies": [
            "google_service_account.codr_sa"
          ]
        }
      ]
    },
    {
      "mode": "managed",
      "type": "google_project_service",
      "name": "compute",
      "provider": "provider[\"registry.terraform.io/hashicorp/google\"]",
      "instances": [
        {
          "schema_version": 0,
          "attributes": {
            "disable_dependent_services": null,
            "disable_on_destroy": false,
            "id": "spry-cortex-483721-q8/compute.googleapis.com",
            "project": "spry-cortex-483721-q8",
            "service": "compute.googleapis.com",
            "timeouts": null
          },
          "sensitive_attributes": [],
          "identity_schema_version": 0,
          "private": "eyJlMmJmYjczMC1lY2FhLTExZTYtOGY4OC0zNDM2M2JjN2M0YzAiOnsiY3JlYXRlIjoxMjAwMDAwMDAwMDAwLCJkZWxldGUiOjEyMDAwMDAwMDAwMDAsInJlYWQiOjYwMDAwMDAwMDAwMCwidXBkYXRlIjoxMjAwMDAwMDAwMDAwfX0="
        }
      ]
    },
    {
      "mode": "managed",
      "type": "google_project_service",
      "name": "container",
      "provider": "provider[\"registry.terraform.io/hashicorp/google\"]",
      "instances": [
        {
          "schema_version": 0,
          "attributes": {
            "disable_dependent_services": null,
            "disable_on_destroy": false,
            "id": "spry-cortex-483721-q8/container.googleapis.com",
            "project": "spry-cortex-483721-q8",
            "service": "container.googleapis.com",
            "timeouts": null
          },
          "sensitive_attributes": [],
          "identity_schema_version": 0,
          "private": "eyJlMmJmYjczMC1lY2FhLTExZTYtOGY4OC0zNDM2M2JjN2M0YzAiOnsiY3JlYXRlIjoxMjAwMDAwMDAwMDAwLCJkZWxldGUiOjEyMDAwMDAwMDAwMDAsInJlYWQiOjYwMDAwMDAwMDAwMCwidXBkYXRlIjoxMjAwMDAwMDAwMDAwfX0="
        }
      ]
    },
    {
      "mode": "managed",
      "type": "google_service_account",
      "name": "codr_sa",
      "provider": "provider[\"registry.terraform.io/hashicorp/google\"]",
      "instances": [
        {
          "schema_version": 0,
          "attributes": {
            "account_id": "codr-k8s-sa",
            "create_ignore_already_exists": null,
            "description": "",
            "disabled": false,
            "display_name": "Codr Kubernetes Service Account",
            "email": "codr-k8s-sa@spry-cortex-483721-q8.iam.gserviceaccount.com",
            "id": "projects/spry-cortex-483721-q8/serviceAccounts/codr-k8s-sa@spry-cortex-483721-q8.iam.gserviceaccount.com",
            "member": "serviceAccount:codr-k8s-sa@spry-cortex-483721-q8.iam.gserviceaccount.com",
            "name": "projects/spry-cortex-483721-q8/serviceAccounts/codr-k8s-sa@spry-cortex-483721-q8.iam.gserviceaccount.com",
            "project": "spry-cortex-483721-q8",
            "timeouts": null,
            "unique_id": "113309268739870723717"
          },
          "sensitive_attributes": [],
          "identity_schema_version": 0,
          "private": "eyJlMmJmYjczMC1lY2FhLTExZTYtOGY4OC0zNDM2M2JjN2M0YzAiOnsiY3JlYXRlIjozMDAwMDAwMDAwMDB9fQ=="
        }
      ]
    }
  ],
  "check_results": null
}
